
Microsoft Visual Studio Solution File, Format Version 12.00
# Visual Studio Version 16
VisualStudioVersion = 16.0.30907.101
MinimumVisualStudioVersion = 10.0.40219.1
Project("{FAE04EC0-301F-11D3-BF4B-00C04F79EFBC}") = "System_Examination", "WindowsFormsApp2\System_Examination.csproj", "{D212704E-A4D6-4BF1-B48D-449BEF84B87F}"
EndProject
Global
	GlobalSection(SolutionConfigurationPlatforms) = preSolution
		Debug|Any CPU = Debug|Any CPU
		Release|Any CPU = Release|Any CPU
	EndGlobalSection
	GlobalSection(ProjectConfigurationPlatforms) = postSolution
		{D212704E-A4D6-4BF1-B48D-449BEF84B87F}.Debug|Any CPU.ActiveCfg = Debug|Any CPU
		{D212704E-A4D6-4BF1-B48D-449BEF84B87F}.Debug|Any CPU.Build.0 = Debug|Any CPU
		{D212704E-A4D6-4BF1-B48D-449BEF84B87F}.Release|Any CPU.ActiveCfg = Release|Any CPU
		{D212704E-A4D6-4BF1-B48D-449BEF84B87F}.Release|Any CPU.Build.0 = Release|Any CPU
	EndGlobalSection
	GlobalSection(SolutionProperties) = preSolution
		HideSolutionNode = FALSE
	EndGlobalSection
	GlobalSection(ExtensibilityGlobals) = postSolution
		SolutionGuid = {C93DB49B-E856-409E-AADC-5CEB7F4348BC}
	EndGlobalSection
EndGlobal
